
Microsoft Visual Studio Solution File, Format Version 12.00
# Visual Studio Version 17
VisualStudioVersion = 17.7.34221.43
MinimumVisualStudioVersion = 10.0.40219.1
Project("{FAE04EC0-301F-11D3-BF4B-00C04F79EFBC}") = "QRDER", "WebApplication2\QRDER.csproj", "{C499E96D-CBCC-4E54-9AD0-C85B6B11E042}"
EndProject
Global
	GlobalSection(SolutionConfigurationPlatforms) = preSolution
		Debug|Any CPU = Debug|Any CPU
		Release|Any CPU = Release|Any CPU
	EndGlobalSection
	GlobalSection(ProjectConfigurationPlatforms) = postSolution
		{C499E96D-CBCC-4E54-9AD0-C85B6B11E042}.Debug|Any CPU.ActiveCfg = Debug|Any CPU
		{C499E96D-CBCC-4E54-9AD0-C85B6B11E042}.Debug|Any CPU.Build.0 = Debug|Any CPU
		{C499E96D-CBCC-4E54-9AD0-C85B6B11E042}.Release|Any CPU.ActiveCfg = Release|Any CPU
		{C499E96D-CBCC-4E54-9AD0-C85B6B11E042}.Release|Any CPU.Build.0 = Release|Any CPU
	EndGlobalSection
	GlobalSection(SolutionProperties) = preSolution
		HideSolutionNode = FALSE
	EndGlobalSection
	GlobalSection(ExtensibilityGlobals) = postSolution
		SolutionGuid = {DDBABE63-DAB6-430B-B22E-5E28BDD39D14}
	EndGlobalSection
EndGlobal
